
Microsoft Visual Studio Solution File, Format Version 12.00
# Visual Studio Version 17
VisualStudioVersion = 17.5.2.0
MinimumVisualStudioVersion = 10.0.40219.1
Project("{2150E333-8FDC-42A3-9474-1A3956D46DE8}") = "tests", "tests", "{0AB3BF05-4346-4AA6-1389-037BE0695223}"
EndProject
Project("{2150E333-8FDC-42A3-9474-1A3956D46DE8}") = "src", "src", "{827E0CD3-B72D-47B6-A68D-7590B98EB39B}"
EndProject
Project("{FAE04EC0-301F-11D3-BF4B-00C04F79EFBC}") = "Aspire.Hosting.DocumentDB.Tests", "tests\Aspire.Hosting.DocumentDB.Tests\Aspire.Hosting.DocumentDB.Tests.csproj", "{3004BF96-678C-31C5-5A5E-5CB2C3D0E229}"
EndProject
Project("{FAE04EC0-301F-11D3-BF4B-00C04F79EFBC}") = "Aspire.Hosting.DocumentDB", "src\Aspire.Hosting.DocumentDB\Aspire.Hosting.DocumentDB.csproj", "{1E84BF6C-20BF-1AE3-2A18-16A50CA372DC}"
EndProject
Project("{FAE04EC0-301F-11D3-BF4B-00C04F79EFBC}") = "ValidationApp", "ValidationApp\ValidationApp.csproj", "{8497F88B-7406-4BCA-948D-4CEE6546FA83}"
EndProject
Global
	GlobalSection(SolutionConfigurationPlatforms) = preSolution
		Debug|Any CPU = Debug|Any CPU
		Debug|x64 = Debug|x64
		Debug|x86 = Debug|x86
		Release|Any CPU = Release|Any CPU
		Release|x64 = Release|x64
		Release|x86 = Release|x86
	EndGlobalSection
	GlobalSection(ProjectConfigurationPlatforms) = postSolution
		{3004BF96-678C-31C5-5A5E-5CB2C3D0E229}.Debug|Any CPU.ActiveCfg = Debug|Any CPU
		{3004BF96-678C-31C5-5A5E-5CB2C3D0E229}.Debug|Any CPU.Build.0 = Debug|Any CPU
		{3004BF96-678C-31C5-5A5E-5CB2C3D0E229}.Debug|x64.ActiveCfg = Debug|Any CPU
		{3004BF96-678C-31C5-5A5E-5CB2C3D0E229}.Debug|x64.Build.0 = Debug|Any CPU
		{3004BF96-678C-31C5-5A5E-5CB2C3D0E229}.Debug|x86.ActiveCfg = Debug|Any CPU
		{3004BF96-678C-31C5-5A5E-5CB2C3D0E229}.Debug|x86.Build.0 = Debug|Any CPU
		{3004BF96-678C-31C5-5A5E-5CB2C3D0E229}.Release|Any CPU.ActiveCfg = Release|Any CPU
		{3004BF96-678C-31C5-5A5E-5CB2C3D0E229}.Release|Any CPU.Build.0 = Release|Any CPU
		{3004BF96-678C-31C5-5A5E-5CB2C3D0E229}.Release|x64.ActiveCfg = Release|Any CPU
		{3004BF96-678C-31C5-5A5E-5CB2C3D0E229}.Release|x64.Build.0 = Release|Any CPU
		{3004BF96-678C-31C5-5A5E-5CB2C3D0E229}.Release|x86.ActiveCfg = Release|Any CPU
		{3004BF96-678C-31C5-5A5E-5CB2C3D0E229}.Release|x86.Build.0 = Release|Any CPU
		{1E84BF6C-20BF-1AE3-2A18-16A50CA372DC}.Debug|Any CPU.ActiveCfg = Debug|Any CPU
		{1E84BF6C-20BF-1AE3-2A18-16A50CA372DC}.Debug|Any CPU.Build.0 = Debug|Any CPU
		{1E84BF6C-20BF-1AE3-2A18-16A50CA372DC}.Debug|x64.ActiveCfg = Debug|Any CPU
		{1E84BF6C-20BF-1AE3-2A18-16A50CA372DC}.Debug|x64.Build.0 = Debug|Any CPU
		{1E84BF6C-20BF-1AE3-2A18-16A50CA372DC}.Debug|x86.ActiveCfg = Debug|Any CPU
		{1E84BF6C-20BF-1AE3-2A18-16A50CA372DC}.Debug|x86.Build.0 = Debug|Any CPU
		{1E84BF6C-20BF-1AE3-2A18-16A50CA372DC}.Release|Any CPU.ActiveCfg = Release|Any CPU
		{1E84BF6C-20BF-1AE3-2A18-16A50CA372DC}.Release|Any CPU.Build.0 = Release|Any CPU
		{1E84BF6C-20BF-1AE3-2A18-16A50CA372DC}.Release|x64.ActiveCfg = Release|Any CPU
		{1E84BF6C-20BF-1AE3-2A18-16A50CA372DC}.Release|x64.Build.0 = Release|Any CPU
		{1E84BF6C-20BF-1AE3-2A18-16A50CA372DC}.Release|x86.ActiveCfg = Release|Any CPU
		{1E84BF6C-20BF-1AE3-2A18-16A50CA372DC}.Release|x86.Build.0 = Release|Any CPU
		{8497F88B-7406-4BCA-948D-4CEE6546FA83}.Debug|Any CPU.ActiveCfg = Debug|Any CPU
		{8497F88B-7406-4BCA-948D-4CEE6546FA83}.Debug|Any CPU.Build.0 = Debug|Any CPU
		{8497F88B-7406-4BCA-948D-4CEE6546FA83}.Debug|x64.ActiveCfg = Debug|Any CPU
		{8497F88B-7406-4BCA-948D-4CEE6546FA83}.Debug|x64.Build.0 = Debug|Any CPU
		{8497F88B-7406-4BCA-948D-4CEE6546FA83}.Debug|x86.ActiveCfg = Debug|Any CPU
		{8497F88B-7406-4BCA-948D-4CEE6546FA83}.Debug|x86.Build.0 = Debug|Any CPU
		{8497F88B-7406-4BCA-948D-4CEE6546FA83}.Release|Any CPU.ActiveCfg = Release|Any CPU
		{8497F88B-7406-4BCA-948D-4CEE6546FA83}.Release|Any CPU.Build.0 = Release|Any CPU
		{8497F88B-7406-4BCA-948D-4CEE6546FA83}.Release|x64.ActiveCfg = Release|Any CPU
		{8497F88B-7406-4BCA-948D-4CEE6546FA83}.Release|x64.Build.0 = Release|Any CPU
		{8497F88B-7406-4BCA-948D-4CEE6546FA83}.Release|x86.ActiveCfg = Release|Any CPU
		{8497F88B-7406-4BCA-948D-4CEE6546FA83}.Release|x86.Build.0 = Release|Any CPU
	EndGlobalSection
	GlobalSection(SolutionProperties) = preSolution
		HideSolutionNode = FALSE
	EndGlobalSection
	GlobalSection(NestedProjects) = preSolution
		{3004BF96-678C-31C5-5A5E-5CB2C3D0E229} = {0AB3BF05-4346-4AA6-1389-037BE0695223}
		{1E84BF6C-20BF-1AE3-2A18-16A50CA372DC} = {827E0CD3-B72D-47B6-A68D-7590B98EB39B}
	EndGlobalSection
	GlobalSection(ExtensibilityGlobals) = postSolution
		SolutionGuid = {78348A45-51DE-49D0-BB37-692D46DC6154}
	EndGlobalSection
EndGlobal
